# This file was autogenerated by Stack.
# You should not edit this file by hand.
# For more information, please see the documentation at:
#   https://docs.haskellstack.org/en/stable/topics/lock_files

packages:
- completed:
    commit: 1f276aa19861203ea8367dc27a6ad4c8a31c9062
    git: https://github.com/jyp/glpk-hs.git
    name: glpk-hs
    pantry-tree:
      sha256: 3d0ca253b3b7b62b8df747200c6bc720978000e2de7665e3f991f74565d7edaa
      size: 1755
    version: '0.8'
  original:
    commit: 1f276aa19861203ea8367dc27a6ad4c8a31c9062
    git: https://github.com/jyp/glpk-hs.git
- completed:
    commit: d3f5f7fc13e50d96532e77ad1312d96f26b5457a
    git: https://github.com/jyp/gasp.git
    name: gasp
    pantry-tree:
      sha256: 5076a5c24b1b938ea223b8c44750b35963f63e1170961bb5c238f65868605b73
      size: 1710
    version: 1.4.0.0
  original:
    commit: d3f5f7fc13e50d96532e77ad1312d96f26b5457a
    git: https://github.com/jyp/gasp.git
- completed:
    hackage: hmatrix-glpk-0.19.0.0@sha256:cf46c54bc3878bd207674ad88c3389083809f4df862df68ee64c6708dc517a52,1683
    pantry-tree:
      sha256: 8e781b7b10d93e1def514c48da663b1b046ed5c23857938bad1229e9f4a589c1
      size: 660
  original:
    hackage: hmatrix-glpk-0.19.0.0@sha256:cf46c54bc3878bd207674ad88c3389083809f4df862df68ee64c6708dc517a52,1683
- completed:
    hackage: safe-money-aeson-0.1.1@sha256:d7383134649d5e63177731f3b5a0ff1992a1d4edf9d224178b264eb4fcdd6c14,1405
    pantry-tree:
      sha256: c5d74f991f75d978c4a0bf080adfcd0c46baceaa2d1d062f3f1cfe91b696549c
      size: 374
  original:
    hackage: safe-money-aeson-0.1.1@sha256:d7383134649d5e63177731f3b5a0ff1992a1d4edf9d224178b264eb4fcdd6c14,1405
snapshots:
- completed:
    sha256: 069c8189232279d04bd107557d3a62132c04ae5ce3c710649e6b40f67f10b9d5
    size: 684285
    url: https://raw.githubusercontent.com/commercialhaskell/stackage-snapshots/master/lts/23/27.yaml
  original:
    url: https://raw.githubusercontent.com/commercialhaskell/stackage-snapshots/master/lts/23/27.yaml
