# This file was autogenerated by Stack.
# You should not edit this file by hand.
# For more information, please see the documentation at:
#   https://docs.haskellstack.org/en/stable/lock_files

packages:
- completed:
    hackage: hmatrix-glpk-0.19.0.0@sha256:cf46c54bc3878bd207674ad88c3389083809f4df862df68ee64c6708dc517a52,1683
    pantry-tree:
      sha256: 8e781b7b10d93e1def514c48da663b1b046ed5c23857938bad1229e9f4a589c1
      size: 660
  original:
    hackage: hmatrix-glpk-0.19.0.0@sha256:cf46c54bc3878bd207674ad88c3389083809f4df862df68ee64c6708dc517a52,1683
- completed:
    hackage: glpk-hs-0.8@sha256:acebd2f8b452f197d4bec74678e8a3ce41eb02cb3cd77a051fb92829df9ffd6b,2616
    pantry-tree:
      sha256: b32cd98e6256593aa5041d68716768924310bfa88182e75cba12c1e93728b79b
      size: 1413
  original:
    hackage: glpk-hs-0.8@sha256:acebd2f8b452f197d4bec74678e8a3ce41eb02cb3cd77a051fb92829df9ffd6b,2616
- completed:
    hackage: gasp-1.3.0.0@sha256:f1acd6fb521dbeded3d7737449f7139fb67c02da1645b51bc3ab31740f0869cf,725
    pantry-tree:
      sha256: a16b5b6ef8775f5cd61b4903a9a84a371c3843c1d7feafbdfae3dfd05c6dd2d9
      size: 279
  original:
    hackage: gasp-1.3.0.0@sha256:f1acd6fb521dbeded3d7737449f7139fb67c02da1645b51bc3ab31740f0869cf,725
- completed:
    hackage: lucid2-htmx-0.1.0.8@sha256:cde494a8e4d199dfcc59331f41c72e1a60c3d2106e1bee56e61d97b09425f850,1541
    pantry-tree:
      sha256: bccf8d27fd23db6daa9b1a7e64d54715537161014db7817dc9905015b1de5214
      size: 318
  original:
    hackage: lucid2-htmx-0.1.0.8@sha256:cde494a8e4d199dfcc59331f41c72e1a60c3d2106e1bee56e61d97b09425f850,1541
- completed:
    hackage: servant-htmx-0.1.0.2@sha256:cdafd3165d28694ec4bf81fff3b87b4721415293d75a394a97c26d0d4d57e38c,1817
    pantry-tree:
      sha256: e2eac22dcc977e6081ba7614d748d7a6a83b2001d4e719d6afb9ae6edf6bb23d
      size: 416
  original:
    hackage: servant-htmx-0.1.0.2@sha256:cdafd3165d28694ec4bf81fff3b87b4721415293d75a394a97c26d0d4d57e38c,1817
- completed:
    hackage: selda-0.5.2.0@sha256:9685a946db19b75d2d3ca141a6f139457672abecd0bb963ab4d4ae01454fec86,2719
    pantry-tree:
      sha256: 787a6a35462d5ded8fc544f33c8f608748144d53208f010c50b14924c5304387
      size: 2314
  original:
    hackage: selda-0.5.2.0@sha256:9685a946db19b75d2d3ca141a6f139457672abecd0bb963ab4d4ae01454fec86,2719
- completed:
    hackage: selda-postgresql-0.1.8.2@sha256:54270759b5824f1ff5382d7c56c7e6b3800fd05180490f298a50af63271ef16e,1326
    pantry-tree:
      sha256: 50d568908421d9de7917bb176d76b9fa1c4f68a59418cde70923c05c85a8dab1
      size: 269
  original:
    hackage: selda-postgresql-0.1.8.2@sha256:54270759b5824f1ff5382d7c56c7e6b3800fd05180490f298a50af63271ef16e,1326
- completed:
    hackage: selda-json-0.1.1.1@sha256:3abe81b0d30f89621c53ad7f711fdbc1010ecdb2c47652533966c82a7724ebc1,796
    pantry-tree:
      sha256: c50740b941fce1d46224d5a28c460b0df389b007b0fd1a0f4fe69983f0a4bc6f
      size: 127
  original:
    hackage: selda-json-0.1.1.1@sha256:3abe81b0d30f89621c53ad7f711fdbc1010ecdb2c47652533966c82a7724ebc1,796
- completed:
    hackage: digestive-functors-0.8.4.2@sha256:badff1797b6dcd860a48ed4558985b2f6bec501e1016fa5afd9d7d6b0d8e4c08,3364
    pantry-tree:
      sha256: 53ce82c7f0c60c10009b1b764b537117a4ab402bbe1a147fba5ad2263acb3025
      size: 1682
  original:
    hackage: digestive-functors-0.8.4.2@sha256:badff1797b6dcd860a48ed4558985b2f6bec501e1016fa5afd9d7d6b0d8e4c08,3364
snapshots:
- completed:
    sha256: abcc4a65c15c7c2313f1a87f01bfd4d910516e1930b99653eef1d2d006515916
    size: 640074
    url: https://raw.githubusercontent.com/commercialhaskell/stackage-snapshots/master/lts/21/24.yaml
  original:
    url: https://raw.githubusercontent.com/commercialhaskell/stackage-snapshots/master/lts/21/24.yaml
