# This file was autogenerated by Stack.
# You should not edit this file by hand.
# For more information, please see the documentation at:
#   https://docs.haskellstack.org/en/stable/lock_files

packages:
- completed:
    commit: efcb8354daa1205de2b862898353da2e4beb76b2
    git: https://github.com/ludat/glpk-hs.git
    name: glpk-hs
    pantry-tree:
      sha256: 3d0ca253b3b7b62b8df747200c6bc720978000e2de7665e3f991f74565d7edaa
      size: 1755
    version: '0.8'
  original:
    commit: efcb8354daa1205de2b862898353da2e4beb76b2
    git: https://github.com/ludat/glpk-hs.git
- completed:
    commit: 786e8fd72cc51020220f45aa3627b0cf8931cf9d
    git: https://github.com/aergus/gasp.git
    name: gasp
    pantry-tree:
      sha256: 7b2ecd84ce13d79174e631255acdd9d02b59374c6f5127bce39ff91f3cc07851
      size: 1644
    version: 1.4.0.0
  original:
    commit: 786e8fd72cc51020220f45aa3627b0cf8931cf9d
    git: https://github.com/aergus/gasp.git
- completed:
    hackage: hmatrix-glpk-0.19.0.0@sha256:cf46c54bc3878bd207674ad88c3389083809f4df862df68ee64c6708dc517a52,1683
    pantry-tree:
      sha256: 8e781b7b10d93e1def514c48da663b1b046ed5c23857938bad1229e9f4a589c1
      size: 660
  original:
    hackage: hmatrix-glpk-0.19.0.0@sha256:cf46c54bc3878bd207674ad88c3389083809f4df862df68ee64c6708dc517a52,1683
- completed:
    hackage: lucid2-htmx-0.1.0.8@sha256:cde494a8e4d199dfcc59331f41c72e1a60c3d2106e1bee56e61d97b09425f850,1541
    pantry-tree:
      sha256: bccf8d27fd23db6daa9b1a7e64d54715537161014db7817dc9905015b1de5214
      size: 318
  original:
    hackage: lucid2-htmx-0.1.0.8@sha256:cde494a8e4d199dfcc59331f41c72e1a60c3d2106e1bee56e61d97b09425f850,1541
- completed:
    hackage: servant-htmx-0.1.0.2@sha256:cdafd3165d28694ec4bf81fff3b87b4721415293d75a394a97c26d0d4d57e38c,1817
    pantry-tree:
      sha256: e2eac22dcc977e6081ba7614d748d7a6a83b2001d4e719d6afb9ae6edf6bb23d
      size: 416
  original:
    hackage: servant-htmx-0.1.0.2@sha256:cdafd3165d28694ec4bf81fff3b87b4721415293d75a394a97c26d0d4d57e38c,1817
- completed:
    commit: d8e2e8dec717505037cfef37965c1af6171cd77d
    git: https://github.com/jchia/selda.git
    name: selda
    pantry-tree:
      sha256: 1eca357bad6254a678ba993b390a87c8901f126511b7fade5106f585c87be9ea
      size: 2365
    subdir: selda
    version: 0.5.2.1
  original:
    commit: d8e2e8dec717505037cfef37965c1af6171cd77d
    git: https://github.com/jchia/selda.git
    subdir: selda
- completed:
    commit: d8e2e8dec717505037cfef37965c1af6171cd77d
    git: https://github.com/jchia/selda.git
    name: selda-postgresql
    pantry-tree:
      sha256: db2889fdd283b92d615d5be660e1386ea0441a7ed79da5210c277bb7cb52abc1
      size: 320
    subdir: selda-postgresql
    version: 0.1.8.2
  original:
    commit: d8e2e8dec717505037cfef37965c1af6171cd77d
    git: https://github.com/jchia/selda.git
    subdir: selda-postgresql
- completed:
    commit: d8e2e8dec717505037cfef37965c1af6171cd77d
    git: https://github.com/jchia/selda.git
    name: selda-json
    pantry-tree:
      sha256: cca637099136de66891b96a9839565e37ec05f8af21e7873142ccfee530bc189
      size: 127
    subdir: selda-json
    version: 0.1.1.1
  original:
    commit: d8e2e8dec717505037cfef37965c1af6171cd77d
    git: https://github.com/jchia/selda.git
    subdir: selda-json
- completed:
    hackage: digestive-functors-0.8.4.2@sha256:badff1797b6dcd860a48ed4558985b2f6bec501e1016fa5afd9d7d6b0d8e4c08,3364
    pantry-tree:
      sha256: 53ce82c7f0c60c10009b1b764b537117a4ab402bbe1a147fba5ad2263acb3025
      size: 1682
  original:
    hackage: digestive-functors-0.8.4.2@sha256:badff1797b6dcd860a48ed4558985b2f6bec501e1016fa5afd9d7d6b0d8e4c08,3364
- completed:
    hackage: safe-money-aeson-0.1.1@sha256:d7383134649d5e63177731f3b5a0ff1992a1d4edf9d224178b264eb4fcdd6c14,1405
    pantry-tree:
      sha256: c5d74f991f75d978c4a0bf080adfcd0c46baceaa2d1d062f3f1cfe91b696549c
      size: 374
  original:
    hackage: safe-money-aeson-0.1.1@sha256:d7383134649d5e63177731f3b5a0ff1992a1d4edf9d224178b264eb4fcdd6c14,1405
snapshots:
- completed:
    sha256: 6f0bea3ba5b07360f25bc886e8cff8d847767557a492a6f7f6dcb06e3cc79ee9
    size: 712905
    url: https://raw.githubusercontent.com/commercialhaskell/stackage-snapshots/master/lts/22/13.yaml
  original:
    url: https://raw.githubusercontent.com/commercialhaskell/stackage-snapshots/master/lts/22/13.yaml
